// !$*UTF8*$!
{
	archiveVersion = 1;
	classes = {
	};
	objectVersion = 50;
	objects = {

/* Begin PBXBuildFile section */
		AC0C81ED21735B00009981D2 /* AppDelegate.swift in Sources */ = {isa = PBXBuildFile; fileRef = AC0C81EC21735B00009981D2 /* AppDelegate.swift */; };
		AC0C81EF21735B00009981D2 /* BrandsViewController.swift in Sources */ = {isa = PBXBuildFile; fileRef = AC0C81EE21735B00009981D2 /* BrandsViewController.swift */; };
		AC0C81F221735B00009981D2 /* Main.storyboard in Resources */ = {isa = PBXBuildFile; fileRef = AC0C81F021735B00009981D2 /* Main.storyboard */; };
		AC0C81F421735B01009981D2 /* Assets.xcassets in Resources */ = {isa = PBXBuildFile; fileRef = AC0C81F321735B01009981D2 /* Assets.xcassets */; };
		AC0C81F721735B01009981D2 /* LaunchScreen.storyboard in Resources */ = {isa = PBXBuildFile; fileRef = AC0C81F521735B01009981D2 /* LaunchScreen.storyboard */; };
		AC0C820721736255009981D2 /* NetworkManager.swift in Sources */ = {isa = PBXBuildFile; fileRef = AC0C820621736255009981D2 /* NetworkManager.swift */; };
		AC0C820921736A35009981D2 /* Brand.swift in Sources */ = {isa = PBXBuildFile; fileRef = AC0C820821736A35009981D2 /* Brand.swift */; };
		AC0C820B21736AF1009981D2 /* Address.swift in Sources */ = {isa = PBXBuildFile; fileRef = AC0C820A21736AF1009981D2 /* Address.swift */; };
		AC0C820D21736CB5009981D2 /* BrandTableViewCell.swift in Sources */ = {isa = PBXBuildFile; fileRef = AC0C820C21736CB5009981D2 /* BrandTableViewCell.swift */; };
		AC0C82132173976C009981D2 /* FiyuuResponseModel.swift in Sources */ = {isa = PBXBuildFile; fileRef = AC0C82122173976B009981D2 /* FiyuuResponseModel.swift */; };
		AC0C821521739940009981D2 /* BrandDetailsViewController.swift in Sources */ = {isa = PBXBuildFile; fileRef = AC0C821421739940009981D2 /* BrandDetailsViewController.swift */; };
		AC0C82192173B201009981D2 /* Product.swift in Sources */ = {isa = PBXBuildFile; fileRef = AC0C82182173B201009981D2 /* Product.swift */; };
		AC0C821B2173B2C0009981D2 /* ProductGroup.swift in Sources */ = {isa = PBXBuildFile; fileRef = AC0C821A2173B2C0009981D2 /* ProductGroup.swift */; };
		AC0C821D2173B531009981D2 /* TableViewDataSource.swift in Sources */ = {isa = PBXBuildFile; fileRef = AC0C821C2173B531009981D2 /* TableViewDataSource.swift */; };
		AC0C821F2173BE29009981D2 /* ProductTableViewCell.swift in Sources */ = {isa = PBXBuildFile; fileRef = AC0C821E2173BE29009981D2 /* ProductTableViewCell.swift */; };
		F2F2443530282C1B4957CC36 /* Pods_Fiyuu_Challenge.framework in Frameworks */ = {isa = PBXBuildFile; fileRef = B973F9678AA1CB0420FFA15E /* Pods_Fiyuu_Challenge.framework */; };
/* End PBXBuildFile section */

/* Begin PBXFileReference section */
		1E3A0210406E63DE220C5FA4 /* Pods-Fiyuu Challenge.debug.xcconfig */ = {isa = PBXFileReference; includeInIndex = 1; lastKnownFileType = text.xcconfig; name = "Pods-Fiyuu Challenge.debug.xcconfig"; path = "Pods/Target Support Files/Pods-Fiyuu Challenge/Pods-Fiyuu Challenge.debug.xcconfig"; sourceTree = "<group>"; };
		3762B19A3B900B8873FB61E2 /* Pods-Fiyuu Challenge.release.xcconfig */ = {isa = PBXFileReference; includeInIndex = 1; lastKnownFileType = text.xcconfig; name = "Pods-Fiyuu Challenge.release.xcconfig"; path = "Pods/Target Support Files/Pods-Fiyuu Challenge/Pods-Fiyuu Challenge.release.xcconfig"; sourceTree = "<group>"; };
		AC0C81E921735B00009981D2 /* Fiyuu Challenge.app */ = {isa = PBXFileReference; explicitFileType = wrapper.application; includeInIndex = 0; path = "Fiyuu Challenge.app"; sourceTree = BUILT_PRODUCTS_DIR; };
		AC0C81EC21735B00009981D2 /* AppDelegate.swift */ = {isa = PBXFileReference; lastKnownFileType = sourcecode.swift; path = AppDelegate.swift; sourceTree = "<group>"; };
		AC0C81EE21735B00009981D2 /* BrandsViewController.swift */ = {isa = PBXFileReference; lastKnownFileType = sourcecode.swift; path = BrandsViewController.swift; sourceTree = "<group>"; };
		AC0C81F121735B00009981D2 /* Base */ = {isa = PBXFileReference; lastKnownFileType = file.storyboard; name = Base; path = Base.lproj/Main.storyboard; sourceTree = "<group>"; };
		AC0C81F321735B01009981D2 /* Assets.xcassets */ = {isa = PBXFileReference; lastKnownFileType = folder.assetcatalog; path = Assets.xcassets; sourceTree = "<group>"; };
		AC0C81F621735B01009981D2 /* Base */ = {isa = PBXFileReference; lastKnownFileType = file.storyboard; name = Base; path = Base.lproj/LaunchScreen.storyboard; sourceTree = "<group>"; };
		AC0C81F821735B01009981D2 /* Info.plist */ = {isa = PBXFileReference; lastKnownFileType = text.plist.xml; path = Info.plist; sourceTree = "<group>"; };
		AC0C820621736255009981D2 /* NetworkManager.swift */ = {isa = PBXFileReference; lastKnownFileType = sourcecode.swift; path = NetworkManager.swift; sourceTree = "<group>"; };
		AC0C820821736A35009981D2 /* Brand.swift */ = {isa = PBXFileReference; lastKnownFileType = sourcecode.swift; path = Brand.swift; sourceTree = "<group>"; };
		AC0C820A21736AF1009981D2 /* Address.swift */ = {isa = PBXFileReference; lastKnownFileType = sourcecode.swift; path = Address.swift; sourceTree = "<group>"; };
		AC0C820C21736CB5009981D2 /* BrandTableViewCell.swift */ = {isa = PBXFileReference; lastKnownFileType = sourcecode.swift; path = BrandTableViewCell.swift; sourceTree = "<group>"; };
		AC0C82122173976B009981D2 /* FiyuuResponseModel.swift */ = {isa = PBXFileReference; fileEncoding = 4; lastKnownFileType = sourcecode.swift; path = FiyuuResponseModel.swift; sourceTree = "<group>"; };
		AC0C821421739940009981D2 /* BrandDetailsViewController.swift */ = {isa = PBXFileReference; lastKnownFileType = sourcecode.swift; path = BrandDetailsViewController.swift; sourceTree = "<group>"; };
		AC0C82182173B201009981D2 /* Product.swift */ = {isa = PBXFileReference; lastKnownFileType = sourcecode.swift; path = Product.swift; sourceTree = "<group>"; };
		AC0C821A2173B2C0009981D2 /* ProductGroup.swift */ = {isa = PBXFileReference; lastKnownFileType = sourcecode.swift; path = ProductGroup.swift; sourceTree = "<group>"; };
		AC0C821C2173B531009981D2 /* TableViewDataSource.swift */ = {isa = PBXFileReference; lastKnownFileType = sourcecode.swift; path = TableViewDataSource.swift; sourceTree = "<group>"; };
		AC0C821E2173BE29009981D2 /* ProductTableViewCell.swift */ = {isa = PBXFileReference; lastKnownFileType = sourcecode.swift; path = ProductTableViewCell.swift; sourceTree = "<group>"; };
		B973F9678AA1CB0420FFA15E /* Pods_Fiyuu_Challenge.framework */ = {isa = PBXFileReference; explicitFileType = wrapper.framework; includeInIndex = 0; path = Pods_Fiyuu_Challenge.framework; sourceTree = BUILT_PRODUCTS_DIR; };
/* End PBXFileReference section */

/* Begin PBXFrameworksBuildPhase section */
		AC0C81E621735B00009981D2 /* Frameworks */ = {
			isa = PBXFrameworksBuildPhase;
			buildActionMask = 2147483647;
			files = (
				F2F2443530282C1B4957CC36 /* Pods_Fiyuu_Challenge.framework in Frameworks */,
			);
			runOnlyForDeploymentPostprocessing = 0;
		};
/* End PBXFrameworksBuildPhase section */

/* Begin PBXGroup section */
		AC0C81E021735B00009981D2 = {
			isa = PBXGroup;
			children = (
				AC0C81EB21735B00009981D2 /* Fiyuu Challenge */,
				AC0C81EA21735B00009981D2 /* Products */,
				FEBD754BBEFB9DC042A68B9C /* Pods */,
				D9CFE5505E6E71E458EEE285 /* Frameworks */,
			);
			sourceTree = "<group>";
		};
		AC0C81EA21735B00009981D2 /* Products */ = {
			isa = PBXGroup;
			children = (
				AC0C81E921735B00009981D2 /* Fiyuu Challenge.app */,
			);
			name = Products;
			sourceTree = "<group>";
		};
		AC0C81EB21735B00009981D2 /* Fiyuu Challenge */ = {
			isa = PBXGroup;
			children = (
				AC0C81EC21735B00009981D2 /* AppDelegate.swift */,
				AC0C820321736189009981D2 /* Models */,
				AC0C82042173618E009981D2 /* Views */,
				AC0C81FF2173614F009981D2 /* ViewControllers */,
				AC0C81FE21736148009981D2 /* Managers */,
				AC0C820021736158009981D2 /* Utilities */,
				AC0C82012173615E009981D2 /* Storyboards */,
				AC0C820221736166009981D2 /* Supporting Files */,
			);
			path = "Fiyuu Challenge";
			sourceTree = "<group>";
		};
		AC0C81FE21736148009981D2 /* Managers */ = {
			isa = PBXGroup;
			children = (
				AC0C820621736255009981D2 /* NetworkManager.swift */,
			);
			path = Managers;
			sourceTree = "<group>";
		};
		AC0C81FF2173614F009981D2 /* ViewControllers */ = {
			isa = PBXGroup;
			children = (
				AC0C81EE21735B00009981D2 /* BrandsViewController.swift */,
				AC0C821421739940009981D2 /* BrandDetailsViewController.swift */,
			);
			path = ViewControllers;
			sourceTree = "<group>";
		};
		AC0C820021736158009981D2 /* Utilities */ = {
			isa = PBXGroup;
			children = (
				AC0C821C2173B531009981D2 /* TableViewDataSource.swift */,
			);
			path = Utilities;
			sourceTree = "<group>";
		};
		AC0C82012173615E009981D2 /* Storyboards */ = {
			isa = PBXGroup;
			children = (
				AC0C81F021735B00009981D2 /* Main.storyboard */,
				AC0C81F521735B01009981D2 /* LaunchScreen.storyboard */,
			);
			path = Storyboards;
			sourceTree = "<group>";
		};
		AC0C820221736166009981D2 /* Supporting Files */ = {
			isa = PBXGroup;
			children = (
				AC0C81F321735B01009981D2 /* Assets.xcassets */,
				AC0C81F821735B01009981D2 /* Info.plist */,
			);
			path = "Supporting Files";
			sourceTree = "<group>";
		};
		AC0C820321736189009981D2 /* Models */ = {
			isa = PBXGroup;
			children = (
				AC0C82122173976B009981D2 /* FiyuuResponseModel.swift */,
				AC0C820821736A35009981D2 /* Brand.swift */,
				AC0C820A21736AF1009981D2 /* Address.swift */,
				AC0C82182173B201009981D2 /* Product.swift */,
				AC0C821A2173B2C0009981D2 /* ProductGroup.swift */,
			);
			path = Models;
			sourceTree = "<group>";
		};
		AC0C82042173618E009981D2 /* Views */ = {
			isa = PBXGroup;
			children = (
				AC0C8205217361D5009981D2 /* Cells */,
			);
			path = Views;
			sourceTree = "<group>";
		};
		AC0C8205217361D5009981D2 /* Cells */ = {
			isa = PBXGroup;
			children = (
				AC0C820C21736CB5009981D2 /* BrandTableViewCell.swift */,
				AC0C821E2173BE29009981D2 /* ProductTableViewCell.swift */,
			);
			path = Cells;
			sourceTree = "<group>";
		};
		D9CFE5505E6E71E458EEE285 /* Frameworks */ = {
			isa = PBXGroup;
			children = (
				B973F9678AA1CB0420FFA15E /* Pods_Fiyuu_Challenge.framework */,
			);
			name = Frameworks;
			sourceTree = "<group>";
		};
		FEBD754BBEFB9DC042A68B9C /* Pods */ = {
			isa = PBXGroup;
			children = (
				1E3A0210406E63DE220C5FA4 /* Pods-Fiyuu Challenge.debug.xcconfig */,
				3762B19A3B900B8873FB61E2 /* Pods-Fiyuu Challenge.release.xcconfig */,
			);
			name = Pods;
			sourceTree = "<group>";
		};
/* End PBXGroup section */

/* Begin PBXNativeTarget section */
		AC0C81E821735B00009981D2 /* Fiyuu Challenge */ = {
			isa = PBXNativeTarget;
			buildConfigurationList = AC0C81FB21735B01009981D2 /* Build configuration list for PBXNativeTarget "Fiyuu Challenge" */;
			buildPhases = (
				265C1032C55B58DC71C0CEE7 /* [CP] Check Pods Manifest.lock */,
				AC0C81E521735B00009981D2 /* Sources */,
				AC0C81E621735B00009981D2 /* Frameworks */,
				AC0C81E721735B00009981D2 /* Resources */,
				A8B102D9B31C9D15A74F9A4A /* [CP] Embed Pods Frameworks */,
			);
			buildRules = (
			);
			dependencies = (
			);
			name = "Fiyuu Challenge";
			productName = "Fiyuu Challenge";
			productReference = AC0C81E921735B00009981D2 /* Fiyuu Challenge.app */;
			productType = "com.apple.product-type.application";
		};
/* End PBXNativeTarget section */

/* Begin PBXProject section */
		AC0C81E121735B00009981D2 /* Project object */ = {
			isa = PBXProject;
			attributes = {
				LastSwiftUpdateCheck = 1000;
				LastUpgradeCheck = 1000;
				ORGANIZATIONNAME = "Guest User";
				TargetAttributes = {
					AC0C81E821735B00009981D2 = {
						CreatedOnToolsVersion = 10.0;
					};
				};
			};
			buildConfigurationList = AC0C81E421735B00009981D2 /* Build configuration list for PBXProject "Fiyuu Challenge" */;
			compatibilityVersion = "Xcode 9.3";
			developmentRegion = en;
			hasScannedForEncodings = 0;
			knownRegions = (
				en,
				Base,
			);
			mainGroup = AC0C81E021735B00009981D2;
			productRefGroup = AC0C81EA21735B00009981D2 /* Products */;
			projectDirPath = "";
			projectRoot = "";
			targets = (
				AC0C81E821735B00009981D2 /* Fiyuu Challenge */,
			);
		};
/* End PBXProject section */

/* Begin PBXResourcesBuildPhase section */
		AC0C81E721735B00009981D2 /* Resources */ = {
			isa = PBXResourcesBuildPhase;
			buildActionMask = 2147483647;
			files = (
				AC0C81F721735B01009981D2 /* LaunchScreen.storyboard in Resources */,
				AC0C81F421735B01009981D2 /* Assets.xcassets in Resources */,
				AC0C81F221735B00009981D2 /* Main.storyboard in Resources */,
			);
			runOnlyForDeploymentPostprocessing = 0;
		};
/* End PBXResourcesBuildPhase section */

/* Begin PBXShellScriptBuildPhase section */
		265C1032C55B58DC71C0CEE7 /* [CP] Check Pods Manifest.lock */ = {
			isa = PBXShellScriptBuildPhase;
			buildActionMask = 2147483647;
			files = (
			);
			inputFileListPaths = (
			);
			inputPaths = (
				"${PODS_PODFILE_DIR_PATH}/Podfile.lock",
				"${PODS_ROOT}/Manifest.lock",
			);
			name = "[CP] Check Pods Manifest.lock";
			outputFileListPaths = (
			);
			outputPaths = (
				"$(DERIVED_FILE_DIR)/Pods-Fiyuu Challenge-checkManifestLockResult.txt",
			);
			runOnlyForDeploymentPostprocessing = 0;
			shellPath = /bin/sh;
			shellScript = "diff \"${PODS_PODFILE_DIR_PATH}/Podfile.lock\" \"${PODS_ROOT}/Manifest.lock\" > /dev/null\nif [ $? != 0 ] ; then\n    # print error to STDERR\n    echo \"error: The sandbox is not in sync with the Podfile.lock. Run 'pod install' or update your CocoaPods installation.\" >&2\n    exit 1\nfi\n# This output is used by Xcode 'outputs' to avoid re-running this script phase.\necho \"SUCCESS\" > \"${SCRIPT_OUTPUT_FILE_0}\"\n";
			showEnvVarsInLog = 0;
		};
		A8B102D9B31C9D15A74F9A4A /* [CP] Embed Pods Frameworks */ = {
			isa = PBXShellScriptBuildPhase;
			buildActionMask = 2147483647;
			files = (
			);
			inputFileListPaths = (
			);
			inputPaths = (
				"${SRCROOT}/Pods/Target Support Files/Pods-Fiyuu Challenge/Pods-Fiyuu Challenge-frameworks.sh",
				"${BUILT_PRODUCTS_DIR}/Kingfisher/Kingfisher.framework",
			);
			name = "[CP] Embed Pods Frameworks";
			outputFileListPaths = (
			);
			outputPaths = (
				"${TARGET_BUILD_DIR}/${FRAMEWORKS_FOLDER_PATH}/Kingfisher.framework",
			);
			runOnlyForDeploymentPostprocessing = 0;
			shellPath = /bin/sh;
			shellScript = "\"${SRCROOT}/Pods/Target Support Files/Pods-Fiyuu Challenge/Pods-Fiyuu Challenge-frameworks.sh\"\n";
			showEnvVarsInLog = 0;
		};
/* End PBXShellScriptBuildPhase section */

/* Begin PBXSourcesBuildPhase section */
		AC0C81E521735B00009981D2 /* Sources */ = {
			isa = PBXSourcesBuildPhase;
			buildActionMask = 2147483647;
			files = (
				AC0C820721736255009981D2 /* NetworkManager.swift in Sources */,
				AC0C821D2173B531009981D2 /* TableViewDataSource.swift in Sources */,
				AC0C820D21736CB5009981D2 /* BrandTableViewCell.swift in Sources */,
				AC0C82192173B201009981D2 /* Product.swift in Sources */,
				AC0C820921736A35009981D2 /* Brand.swift in Sources */,
				AC0C821F2173BE29009981D2 /* ProductTableViewCell.swift in Sources */,
				AC0C81EF21735B00009981D2 /* BrandsViewController.swift in Sources */,
				AC0C81ED21735B00009981D2 /* AppDelegate.swift in Sources */,
				AC0C820B21736AF1009981D2 /* Address.swift in Sources */,
				AC0C821521739940009981D2 /* BrandDetailsViewController.swift in Sources */,
				AC0C82132173976C009981D2 /* FiyuuResponseModel.swift in Sources */,
				AC0C821B2173B2C0009981D2 /* ProductGroup.swift in Sources */,
			);
			runOnlyForDeploymentPostprocessing = 0;
		};
/* End PBXSourcesBuildPhase section */

/* Begin PBXVariantGroup section */
		AC0C81F021735B00009981D2 /* Main.storyboard */ = {
			isa = PBXVariantGroup;
			children = (
				AC0C81F121735B00009981D2 /* Base */,
			);
			name = Main.storyboard;
			sourceTree = "<group>";
		};
		AC0C81F521735B01009981D2 /* LaunchScreen.storyboard */ = {
			isa = PBXVariantGroup;
			children = (
				AC0C81F621735B01009981D2 /* Base */,
			);
			name = LaunchScreen.storyboard;
			sourceTree = "<group>";
		};
/* End PBXVariantGroup section */

/* Begin XCBuildConfiguration section */
		AC0C81F921735B01009981D2 /* Debug */ = {
			isa = XCBuildConfiguration;
			buildSettings = {
				ALWAYS_SEARCH_USER_PATHS = NO;
				CLANG_ANALYZER_NONNULL = YES;
				CLANG_ANALYZER_NUMBER_OBJECT_CONVERSION = YES_AGGRESSIVE;
				CLANG_CXX_LANGUAGE_STANDARD = "gnu++14";
				CLANG_CXX_LIBRARY = "libc++";
				CLANG_ENABLE_MODULES = YES;
				CLANG_ENABLE_OBJC_ARC = YES;
				CLANG_ENABLE_OBJC_WEAK = YES;
				CLANG_WARN_BLOCK_CAPTURE_AUTORELEASING = YES;
				CLANG_WARN_BOOL_CONVERSION = YES;
				CLANG_WARN_COMMA = YES;
				CLANG_WARN_CONSTANT_CONVERSION = YES;
				CLANG_WARN_DEPRECATED_OBJC_IMPLEMENTATIONS = YES;
				CLANG_WARN_DIRECT_OBJC_ISA_USAGE = YES_ERROR;
				CLANG_WARN_DOCUMENTATION_COMMENTS = YES;
				CLANG_WARN_EMPTY_BODY = YES;
				CLANG_WARN_ENUM_CONVERSION = YES;
				CLANG_WARN_INFINITE_RECURSION = YES;
				CLANG_WARN_INT_CONVERSION = YES;
				CLANG_WARN_NON_LITERAL_NULL_CONVERSION = YES;
				CLANG_WARN_OBJC_IMPLICIT_RETAIN_SELF = YES;
				CLANG_WARN_OBJC_LITERAL_CONVERSION = YES;
				CLANG_WARN_OBJC_ROOT_CLASS = YES_ERROR;
				CLANG_WARN_RANGE_LOOP_ANALYSIS = YES;
				CLANG_WARN_STRICT_PROTOTYPES = YES;
				CLANG_WARN_SUSPICIOUS_MOVE = YES;
				CLANG_WARN_UNGUARDED_AVAILABILITY = YES_AGGRESSIVE;
				CLANG_WARN_UNREACHABLE_CODE = YES;
				CLANG_WARN__DUPLICATE_METHOD_MATCH = YES;
				CODE_SIGN_IDENTITY = "iPhone Developer";
				COPY_PHASE_STRIP = NO;
				DEBUG_INFORMATION_FORMAT = dwarf;
				ENABLE_STRICT_OBJC_MSGSEND = YES;
				ENABLE_TESTABILITY = YES;
				GCC_C_LANGUAGE_STANDARD = gnu11;
				GCC_DYNAMIC_NO_PIC = NO;
				GCC_NO_COMMON_BLOCKS = YES;
				GCC_OPTIMIZATION_LEVEL = 0;
				GCC_PREPROCESSOR_DEFINITIONS = (
					"DEBUG=1",
					"$(inherited)",
				);
				GCC_WARN_64_TO_32_BIT_CONVERSION = YES;
				GCC_WARN_ABOUT_RETURN_TYPE = YES_ERROR;
				GCC_WARN_UNDECLARED_SELECTOR = YES;
				GCC_WARN_UNINITIALIZED_AUTOS = YES_AGGRESSIVE;
				GCC_WARN_UNUSED_FUNCTION = YES;
				GCC_WARN_UNUSED_VARIABLE = YES;
				IPHONEOS_DEPLOYMENT_TARGET = 12.0;
				MTL_ENABLE_DEBUG_INFO = INCLUDE_SOURCE;
				MTL_FAST_MATH = YES;
				ONLY_ACTIVE_ARCH = YES;
				SDKROOT = iphoneos;
				SWIFT_ACTIVE_COMPILATION_CONDITIONS = DEBUG;
				SWIFT_OPTIMIZATION_LEVEL = "-Onone";
			};
			name = Debug;
		};
		AC0C81FA21735B01009981D2 /* Release */ = {
			isa = XCBuildConfiguration;
			buildSettings = {
				ALWAYS_SEARCH_USER_PATHS = NO;
				CLANG_ANALYZER_NONNULL = YES;
				CLANG_ANALYZER_NUMBER_OBJECT_CONVERSION = YES_AGGRESSIVE;
				CLANG_CXX_LANGUAGE_STANDARD = "gnu++14";
				CLANG_CXX_LIBRARY = "libc++";
				CLANG_ENABLE_MODULES = YES;
				CLANG_ENABLE_OBJC_ARC = YES;
				CLANG_ENABLE_OBJC_WEAK = YES;
				CLANG_WARN_BLOCK_CAPTURE_AUTORELEASING = YES;
				CLANG_WARN_BOOL_CONVERSION = YES;
				CLANG_WARN_COMMA = YES;
				CLANG_WARN_CONSTANT_CONVERSION = YES;
				CLANG_WARN_DEPRECATED_OBJC_IMPLEMENTATIONS = YES;
				CLANG_WARN_DIRECT_OBJC_ISA_USAGE = YES_ERROR;
				CLANG_WARN_DOCUMENTATION_COMMENTS = YES;
				CLANG_WARN_EMPTY_BODY = YES;
				CLANG_WARN_ENUM_CONVERSION = YES;
				CLANG_WARN_INFINITE_RECURSION = YES;
				CLANG_WARN_INT_CONVERSION = YES;
				CLANG_WARN_NON_LITERAL_NULL_CONVERSION = YES;
				CLANG_WARN_OBJC_IMPLICIT_RETAIN_SELF = YES;
				CLANG_WARN_OBJC_LITERAL_CONVERSION = YES;
				CLANG_WARN_OBJC_ROOT_CLASS = YES_ERROR;
				CLANG_WARN_RANGE_LOOP_ANALYSIS = YES;
				CLANG_WARN_STRICT_PROTOTYPES = YES;
				CLANG_WARN_SUSPICIOUS_MOVE = YES;
				CLANG_WARN_UNGUARDED_AVAILABILITY = YES_AGGRESSIVE;
				CLANG_WARN_UNREACHABLE_CODE = YES;
				CLANG_WARN__DUPLICATE_METHOD_MATCH = YES;
				CODE_SIGN_IDENTITY = "iPhone Developer";
				COPY_PHASE_STRIP = NO;
				DEBUG_INFORMATION_FORMAT = "dwarf-with-dsym";
				ENABLE_NS_ASSERTIONS = NO;
				ENABLE_STRICT_OBJC_MSGSEND = YES;
				GCC_C_LANGUAGE_STANDARD = gnu11;
				GCC_NO_COMMON_BLOCKS = YES;
				GCC_WARN_64_TO_32_BIT_CONVERSION = YES;
				GCC_WARN_ABOUT_RETURN_TYPE = YES_ERROR;
				GCC_WARN_UNDECLARED_SELECTOR = YES;
				GCC_WARN_UNINITIALIZED_AUTOS = YES_AGGRESSIVE;
				GCC_WARN_UNUSED_FUNCTION = YES;
				GCC_WARN_UNUSED_VARIABLE = YES;
				IPHONEOS_DEPLOYMENT_TARGET = 12.0;
				MTL_ENABLE_DEBUG_INFO = NO;
				MTL_FAST_MATH = YES;
				SDKROOT = iphoneos;
				SWIFT_COMPILATION_MODE = wholemodule;
				SWIFT_OPTIMIZATION_LEVEL = "-O";
				VALIDATE_PRODUCT = YES;
			};
			name = Release;
		};
		AC0C81FC21735B01009981D2 /* Debug */ = {
			isa = XCBuildConfiguration;
			baseConfigurationReference = 1E3A0210406E63DE220C5FA4 /* Pods-Fiyuu Challenge.debug.xcconfig */;
			buildSettings = {
				ASSETCATALOG_COMPILER_APPICON_NAME = AppIcon;
				CODE_SIGN_STYLE = Automatic;
				INFOPLIST_FILE = "Fiyuu Challenge/Supporting Files/Info.plist";
				LD_RUNPATH_SEARCH_PATHS = (
					"$(inherited)",
					"@executable_path/Frameworks",
				);
				PRODUCT_BUNDLE_IDENTIFIER = "com.muratyasar.Fiyuu-Challenge";
				PRODUCT_NAME = "$(TARGET_NAME)";
				SWIFT_VERSION = 4.2;
				TARGETED_DEVICE_FAMILY = "1,2";
			};
			name = Debug;
		};
		AC0C81FD21735B01009981D2 /* Release */ = {
			isa = XCBuildConfiguration;
			baseConfigurationReference = 3762B19A3B900B8873FB61E2 /* Pods-Fiyuu Challenge.release.xcconfig */;
			buildSettings = {
				ASSETCATALOG_COMPILER_APPICON_NAME = AppIcon;
				CODE_SIGN_STYLE = Automatic;
				INFOPLIST_FILE = "Fiyuu Challenge/Supporting Files/Info.plist";
				LD_RUNPATH_SEARCH_PATHS = (
					"$(inherited)",
					"@executable_path/Frameworks",
				);
				PRODUCT_BUNDLE_IDENTIFIER = "com.muratyasar.Fiyuu-Challenge";
				PRODUCT_NAME = "$(TARGET_NAME)";
				SWIFT_VERSION = 4.2;
				TARGETED_DEVICE_FAMILY = "1,2";
			};
			name = Release;
		};
/* End XCBuildConfiguration section */

/* Begin XCConfigurationList section */
		AC0C81E421735B00009981D2 /* Build configuration list for PBXProject "Fiyuu Challenge" */ = {
			isa = XCConfigurationList;
			buildConfigurations = (
				AC0C81F921735B01009981D2 /* Debug */,
				AC0C81FA21735B01009981D2 /* Release */,
			);
			defaultConfigurationIsVisible = 0;
			defaultConfigurationName = Release;
		};
		AC0C81FB21735B01009981D2 /* Build configuration list for PBXNativeTarget "Fiyuu Challenge" */ = {
			isa = XCConfigurationList;
			buildConfigurations = (
				AC0C81FC21735B01009981D2 /* Debug */,
				AC0C81FD21735B01009981D2 /* Release */,
			);
			defaultConfigurationIsVisible = 0;
			defaultConfigurationName = Release;
		};
/* End XCConfigurationList section */
	};
	rootObject = AC0C81E121735B00009981D2 /* Project object */;
}
